# Generated by move; do not edit
# This file should be checked in.

[move]
version = 4

[pinned.mainnet.MoveStdlib]
source = { git = "https://github.com/MystenLabs/sui.git", subdir = "crates/sui-framework/packages/move-stdlib", rev = "722ac4fcf4841346c91775f596c4ce23fb7fbd0f" }
use_environment = "mainnet"
manifest_digest = "C4FE4C91DE74CBF223B2E380AE40F592177D21870DC2D7EB6227D2D694E05363"
deps = {}

[pinned.mainnet.MoveStdlib_1]
source = { git = "https://github.com/MystenLabs/sui.git", subdir = "crates/sui-framework/packages/move-stdlib", rev = "eddf9c94dfcc9b86e5c4966748252148d73bb217" }
use_environment = "mainnet"
manifest_digest = "C4FE4C91DE74CBF223B2E380AE40F592177D21870DC2D7EB6227D2D694E05363"
deps = {}

[pinned.mainnet.Sui]
source = { git = "https://github.com/MystenLabs/sui.git", subdir = "crates/sui-framework/packages/sui-framework", rev = "722ac4fcf4841346c91775f596c4ce23fb7fbd0f" }
use_environment = "mainnet"
manifest_digest = "CD547CB1ACCE0880C835DAED2D8FFCB91D56C833AE5240D3AA5B918398263195"
deps = { MoveStdlib = "MoveStdlib" }

[pinned.mainnet.Sui_1]
source = { git = "https://github.com/MystenLabs/sui.git", subdir = "crates/sui-framework/packages/sui-framework", rev = "eddf9c94dfcc9b86e5c4966748252148d73bb217" }
use_environment = "mainnet"
manifest_digest = "CD547CB1ACCE0880C835DAED2D8FFCB91D56C833AE5240D3AA5B918398263195"
deps = { MoveStdlib = "MoveStdlib_1" }

[pinned.mainnet.WAL]
source = { git = "https://github.com/MystenLabs/walrus.git", subdir = "mainnet-contracts/wal", rev = "a19764ff77f501a79db88dc6d922a2c73848e989" }
use_environment = "mainnet"
manifest_digest = "08D7F4F08A90745595084EF351C2DC663EB302DA8C5AAE8A4E23B508AF951A80"
deps = { Sui = "Sui_1" }

[pinned.mainnet.Walrus]
source = { git = "https://github.com/MystenLabs/walrus.git", subdir = "mainnet-contracts/walrus", rev = "a19764ff77f501a79db88dc6d922a2c73848e989" }
use_environment = "mainnet"
manifest_digest = "F5EE3601B0F0F292A09B1CF6BFF941E8BCD70C7624692070796849E0B7FB337B"
deps = { Sui = "Sui_1", WAL = "WAL" }

[pinned.mainnet.animacraft_v8_core]
source = { local = "../animacraft_v8_core" }
use_environment = "mainnet"
manifest_digest = "241DFAA87E2A440231998A2B8F2F42C67FC8E90384057EA4BE86A0A188DC3774"
deps = { Sui = "Sui", Walrus = "Walrus" }

[pinned.mainnet.animacraft_v8_runtime]
source = { root = true }
use_environment = "mainnet"
manifest_digest = "14D905F1ABA17267CBB187DB57746AC180A65DC6D79C3B4A512365CA13BE795D"
deps = { Sui = "Sui", animacraft_v8_core = "animacraft_v8_core", animacraft_v8_seal = "animacraft_v8_seal" }

[pinned.mainnet.animacraft_v8_seal]
source = { local = "../animacraft_v8_seal" }
use_environment = "mainnet"
manifest_digest = "C690CF960A84B4CA0E85357087B3967CF376CA7DB6BE3399351DDFFD198AA4EA"
deps = { Sui = "Sui", animacraft_v8_core = "animacraft_v8_core" }

[pinned.testnet.MoveStdlib]
source = { git = "https://github.com/MystenLabs/sui.git", subdir = "crates/sui-framework/packages/move-stdlib", rev = "722ac4fcf4841346c91775f596c4ce23fb7fbd0f" }
use_environment = "testnet"
manifest_digest = "C4FE4C91DE74CBF223B2E380AE40F592177D21870DC2D7EB6227D2D694E05363"
deps = {}

[pinned.testnet.Sui]
source = { git = "https://github.com/MystenLabs/sui.git", subdir = "crates/sui-framework/packages/sui-framework", rev = "722ac4fcf4841346c91775f596c4ce23fb7fbd0f" }
use_environment = "testnet"
manifest_digest = "7AFB66695545775FBFBB2D3078ADFD084244D5002392E837FDE21D9EA1C6D01C"
deps = { MoveStdlib = "MoveStdlib" }

[pinned.testnet.animacraft_v8_core]
source = { local = "../animacraft_v8_core" }
use_environment = "testnet"
manifest_digest = "60ADF412FBF6A8F886DB96A327E19EE11946A0F14EB7AD132D147351DFE46111"
deps = { Sui = "Sui" }

[pinned.testnet.animacraft_v8_runtime]
source = { root = true }
use_environment = "testnet"
manifest_digest = "09F95F1681313B28A6373C8C4FE307C371E4D1E3C9FD6DD00DDD622BF822DEDF"
deps = { Sui = "Sui", animacraft_v8_core = "animacraft_v8_core", animacraft_v8_seal = "animacraft_v8_seal" }

[pinned.testnet.animacraft_v8_seal]
source = { local = "../animacraft_v8_seal" }
use_environment = "testnet"
manifest_digest = "CAF8D86E63F07AAFD5FAB70E6313516B0CFB99DAD127FAA64426547FA8F3C2C8"
deps = { Sui = "Sui", animacraft_v8_core = "animacraft_v8_core" }
