# Generated by move; do not edit
# This file should be checked in.

[move]
version = 4

[pinned.mainnet.MoveStdlib]
source = { git = "https://github.com/MystenLabs/sui.git", subdir = "crates/sui-framework/packages/move-stdlib", rev = "722ac4fcf4841346c91775f596c4ce23fb7fbd0f" }
use_environment = "mainnet"
manifest_digest = "C4FE4C91DE74CBF223B2E380AE40F592177D21870DC2D7EB6227D2D694E05363"
deps = {}

[pinned.mainnet.Sui]
source = { git = "https://github.com/MystenLabs/sui.git", subdir = "crates/sui-framework/packages/sui-framework", rev = "722ac4fcf4841346c91775f596c4ce23fb7fbd0f" }
use_environment = "mainnet"
manifest_digest = "CD547CB1ACCE0880C835DAED2D8FFCB91D56C833AE5240D3AA5B918398263195"
deps = { MoveStdlib = "MoveStdlib" }

[pinned.mainnet.animacraft_v8_core]
source = { root = true }
use_environment = "mainnet"
manifest_digest = "5667F7AA4D1A345B86B7923771F24E793DB9D1C9999B9A259E19917BD1CD5C6F"
deps = { Sui = "Sui" }

[pinned.sealcap.MoveStdlib]
source = { git = "https://github.com/MystenLabs/sui.git", subdir = "crates/sui-framework/packages/move-stdlib", rev = "722ac4fcf4841346c91775f596c4ce23fb7fbd0f" }
use_environment = "sealcap"
manifest_digest = "C4FE4C91DE74CBF223B2E380AE40F592177D21870DC2D7EB6227D2D694E05363"
deps = {}

[pinned.sealcap.Sui]
source = { git = "https://github.com/MystenLabs/sui.git", subdir = "crates/sui-framework/packages/sui-framework", rev = "722ac4fcf4841346c91775f596c4ce23fb7fbd0f" }
use_environment = "sealcap"
manifest_digest = "753FCC3FF9575BB013676E39729051825ECA8248AC6BCFE2B44D00CA403D0939"
deps = { MoveStdlib = "MoveStdlib" }

[pinned.sealcap.animacraft_v8_core]
source = { root = true }
use_environment = "sealcap"
manifest_digest = "E6318ED10C66E40115E767E8CAA64F74ACCA5B38F6F9081095E505830E753F53"
deps = { Sui = "Sui" }

[pinned.testnet.MoveStdlib]
source = { git = "https://github.com/MystenLabs/sui.git", subdir = "crates/sui-framework/packages/move-stdlib", rev = "722ac4fcf4841346c91775f596c4ce23fb7fbd0f" }
use_environment = "testnet"
manifest_digest = "C4FE4C91DE74CBF223B2E380AE40F592177D21870DC2D7EB6227D2D694E05363"
deps = {}

[pinned.testnet.Sui]
source = { git = "https://github.com/MystenLabs/sui.git", subdir = "crates/sui-framework/packages/sui-framework", rev = "722ac4fcf4841346c91775f596c4ce23fb7fbd0f" }
use_environment = "testnet"
manifest_digest = "7AFB66695545775FBFBB2D3078ADFD084244D5002392E837FDE21D9EA1C6D01C"
deps = { MoveStdlib = "MoveStdlib" }

[pinned.testnet.animacraft_v8_core]
source = { root = true }
use_environment = "testnet"
manifest_digest = "60ADF412FBF6A8F886DB96A327E19EE11946A0F14EB7AD132D147351DFE46111"
deps = { Sui = "Sui" }
