# Generated by move; do not edit
# This file should be checked in.

[move]
version = 4

[pinned.mainnet.MoveStdlib]
source = { git = "https://github.com/MystenLabs/sui.git", subdir = "crates/sui-framework/packages/move-stdlib", rev = "722ac4fcf4841346c91775f596c4ce23fb7fbd0f" }
use_environment = "mainnet"
manifest_digest = "C4FE4C91DE74CBF223B2E380AE40F592177D21870DC2D7EB6227D2D694E05363"
deps = {}

[pinned.mainnet.Sui]
source = { git = "https://github.com/MystenLabs/sui.git", subdir = "crates/sui-framework/packages/sui-framework", rev = "722ac4fcf4841346c91775f596c4ce23fb7fbd0f" }
use_environment = "mainnet"
manifest_digest = "CD547CB1ACCE0880C835DAED2D8FFCB91D56C833AE5240D3AA5B918398263195"
deps = { MoveStdlib = "MoveStdlib" }

[pinned.mainnet.animacraft_v8_core]
source = { local = "../../../animacraft_v8_core" }
use_environment = "mainnet"
manifest_digest = "5667F7AA4D1A345B86B7923771F24E793DB9D1C9999B9A259E19917BD1CD5C6F"
deps = { Sui = "Sui" }

[pinned.mainnet.animacraft_v8_market]
source = { local = "../.." }
use_environment = "mainnet"
manifest_digest = "55ABE03BB42FBD4F5FBFD7BA30399F4E27C3413C19B9A2606C6EFCED9EB87F76"
deps = { Sui = "Sui", animacraft_v8_core = "animacraft_v8_core", animacraft_v8_output = "animacraft_v8_output", animacraft_v8_physical = "animacraft_v8_physical", animacraft_v8_release = "animacraft_v8_release", animacraft_v8_runtime = "animacraft_v8_runtime" }

[pinned.mainnet.animacraft_v8_output]
source = { local = "../../../animacraft_v8_output" }
use_environment = "mainnet"
manifest_digest = "C61C7616510950EE7335C255269E6A5FECF5F55FA3CD59054B051B1DF223CE47"
deps = { Sui = "Sui", animacraft_v8_core = "animacraft_v8_core", animacraft_v8_runtime = "animacraft_v8_runtime", animacraft_v8_seal = "animacraft_v8_seal" }

[pinned.mainnet.animacraft_v8_physical]
source = { local = "../../../animacraft_v8_physical" }
use_environment = "mainnet"
manifest_digest = "FC7557A20429602D77401E4DE93DF23906BE2AA1DFC0F1E2C52DF3ECB3580949"
deps = { Sui = "Sui", animacraft_v8_core = "animacraft_v8_core", animacraft_v8_output = "animacraft_v8_output", animacraft_v8_runtime = "animacraft_v8_runtime" }

[pinned.mainnet.animacraft_v8_release]
source = { local = "../../../animacraft_v8_release" }
use_environment = "mainnet"
manifest_digest = "3B42CC3057FDF2397517C257F728504DB2A84D6A7A2E32AF7BAA25E8091ED36C"
deps = { Sui = "Sui", animacraft_v8_core = "animacraft_v8_core", animacraft_v8_output = "animacraft_v8_output", animacraft_v8_physical = "animacraft_v8_physical", animacraft_v8_runtime = "animacraft_v8_runtime", animacraft_v8_seal = "animacraft_v8_seal" }

[pinned.mainnet.animacraft_v8_runtime]
source = { local = "../../../animacraft_v8_runtime" }
use_environment = "mainnet"
manifest_digest = "14D905F1ABA17267CBB187DB57746AC180A65DC6D79C3B4A512365CA13BE795D"
deps = { Sui = "Sui", animacraft_v8_core = "animacraft_v8_core", animacraft_v8_seal = "animacraft_v8_seal" }

[pinned.mainnet.animacraft_v8_seal]
source = { local = "../../../animacraft_v8_seal" }
use_environment = "mainnet"
manifest_digest = "C690CF960A84B4CA0E85357087B3967CF376CA7DB6BE3399351DDFFD198AA4EA"
deps = { Sui = "Sui", animacraft_v8_core = "animacraft_v8_core" }

[pinned.mainnet.market_companion_probe]
source = { root = true }
use_environment = "mainnet"
manifest_digest = "AE881AB83A87763A90C8CCF704969FDEED81002D146AE6A728D01633072047F8"
deps = { Sui = "Sui", animacraft_v8_market = "animacraft_v8_market" }

[pinned.testnet.MoveStdlib]
source = { git = "https://github.com/MystenLabs/sui.git", subdir = "crates/sui-framework/packages/move-stdlib", rev = "722ac4fcf4841346c91775f596c4ce23fb7fbd0f" }
use_environment = "testnet"
manifest_digest = "C4FE4C91DE74CBF223B2E380AE40F592177D21870DC2D7EB6227D2D694E05363"
deps = {}

[pinned.testnet.Sui]
source = { git = "https://github.com/MystenLabs/sui.git", subdir = "crates/sui-framework/packages/sui-framework", rev = "722ac4fcf4841346c91775f596c4ce23fb7fbd0f" }
use_environment = "testnet"
manifest_digest = "7AFB66695545775FBFBB2D3078ADFD084244D5002392E837FDE21D9EA1C6D01C"
deps = { MoveStdlib = "MoveStdlib" }

[pinned.testnet.animacraft_v8_core]
source = { local = "../../../animacraft_v8_core" }
use_environment = "testnet"
manifest_digest = "60ADF412FBF6A8F886DB96A327E19EE11946A0F14EB7AD132D147351DFE46111"
deps = { Sui = "Sui" }

[pinned.testnet.animacraft_v8_market]
source = { local = "../.." }
use_environment = "testnet"
manifest_digest = "21CF7DF3F89F9CE6D4F80855F4CF7417861457ADBBFA917522B23C7248C21FE1"
deps = { Sui = "Sui", animacraft_v8_core = "animacraft_v8_core", animacraft_v8_output = "animacraft_v8_output", animacraft_v8_physical = "animacraft_v8_physical", animacraft_v8_release = "animacraft_v8_release", animacraft_v8_runtime = "animacraft_v8_runtime" }

[pinned.testnet.animacraft_v8_output]
source = { local = "../../../animacraft_v8_output" }
use_environment = "testnet"
manifest_digest = "9FE5E6CD163C181C43F267711F4B7D506F8F3C3FD6BC66CD9D51BB1711AD2FF4"
deps = { Sui = "Sui", animacraft_v8_core = "animacraft_v8_core", animacraft_v8_runtime = "animacraft_v8_runtime", animacraft_v8_seal = "animacraft_v8_seal" }

[pinned.testnet.animacraft_v8_physical]
source = { local = "../../../animacraft_v8_physical" }
use_environment = "testnet"
manifest_digest = "B9F10E9DFBB7A2B8E5310A56C872F3DE07F4820089DAFC1386E670757F2C5B67"
deps = { Sui = "Sui", animacraft_v8_core = "animacraft_v8_core", animacraft_v8_output = "animacraft_v8_output", animacraft_v8_runtime = "animacraft_v8_runtime" }

[pinned.testnet.animacraft_v8_release]
source = { local = "../../../animacraft_v8_release" }
use_environment = "testnet"
manifest_digest = "41B3A676AA21630FF30077091D750501A595C0F0BB6D8B11F627168D39FE0944"
deps = { Sui = "Sui", animacraft_v8_core = "animacraft_v8_core", animacraft_v8_output = "animacraft_v8_output", animacraft_v8_physical = "animacraft_v8_physical", animacraft_v8_runtime = "animacraft_v8_runtime", animacraft_v8_seal = "animacraft_v8_seal" }

[pinned.testnet.animacraft_v8_runtime]
source = { local = "../../../animacraft_v8_runtime" }
use_environment = "testnet"
manifest_digest = "09F95F1681313B28A6373C8C4FE307C371E4D1E3C9FD6DD00DDD622BF822DEDF"
deps = { Sui = "Sui", animacraft_v8_core = "animacraft_v8_core", animacraft_v8_seal = "animacraft_v8_seal" }

[pinned.testnet.animacraft_v8_seal]
source = { local = "../../../animacraft_v8_seal" }
use_environment = "testnet"
manifest_digest = "CAF8D86E63F07AAFD5FAB70E6313516B0CFB99DAD127FAA64426547FA8F3C2C8"
deps = { Sui = "Sui", animacraft_v8_core = "animacraft_v8_core" }

[pinned.testnet.market_companion_probe]
source = { root = true }
use_environment = "testnet"
manifest_digest = "6F11BF05460C4FC5CBB34F124A6D4EF17980C345825506E1A39657B24EF22DE5"
deps = { Sui = "Sui", animacraft_v8_market = "animacraft_v8_market" }
