# Generated by move; do not edit
# This file should be checked in.

[move]
version = 4

[pinned.mainnet.MoveStdlib]
source = { git = "https://github.com/MystenLabs/sui.git", subdir = "crates/sui-framework/packages/move-stdlib", rev = "73dd2c2ba6f9fdb21d7ffde2b50a3f2f0ac39bc1" }
use_environment = "mainnet"
manifest_digest = "C4FE4C91DE74CBF223B2E380AE40F592177D21870DC2D7EB6227D2D694E05363"
deps = {}

[pinned.mainnet.Sui]
source = { git = "https://github.com/MystenLabs/sui.git", subdir = "crates/sui-framework/packages/sui-framework", rev = "73dd2c2ba6f9fdb21d7ffde2b50a3f2f0ac39bc1" }
use_environment = "mainnet"
manifest_digest = "CD547CB1ACCE0880C835DAED2D8FFCB91D56C833AE5240D3AA5B918398263195"
deps = { MoveStdlib = "MoveStdlib" }

[pinned.mainnet.animacraft]
source = { local = "../animacraft" }
use_environment = "mainnet"
manifest_digest = "D102AD9D5653054ABB17E21F853CF4E888E04AB30025D5DAC19DAF483C2B899B"
deps = { Sui = "Sui" }

[pinned.mainnet.animacraft_physical_v7]
source = { root = true }
use_environment = "mainnet"
manifest_digest = "812E34A88417553E7EA8336D64C4059C777C68F47CAAF877726FE35D6EE896A8"
deps = { Sui = "Sui", animacraft = "animacraft" }
