# Generated by move; do not edit
# This file should be checked in.

[move]
version = 4

[pinned.mainnet.MoveStdlib]
source = { git = "https://github.com/MystenLabs/sui.git", subdir = "crates/sui-framework/packages/move-stdlib", rev = "73dd2c2ba6f9fdb21d7ffde2b50a3f2f0ac39bc1" }
use_environment = "mainnet"
manifest_digest = "C4FE4C91DE74CBF223B2E380AE40F592177D21870DC2D7EB6227D2D694E05363"
deps = {}

[pinned.mainnet.Sui]
source = { git = "https://github.com/MystenLabs/sui.git", subdir = "crates/sui-framework/packages/sui-framework", rev = "73dd2c2ba6f9fdb21d7ffde2b50a3f2f0ac39bc1" }
use_environment = "mainnet"
manifest_digest = "CD547CB1ACCE0880C835DAED2D8FFCB91D56C833AE5240D3AA5B918398263195"
deps = { MoveStdlib = "MoveStdlib" }

[pinned.mainnet.animacraft_v8_core]
source = { local = "../../../animacraft_v8_core" }
use_environment = "mainnet"
manifest_digest = "D102AD9D5653054ABB17E21F853CF4E888E04AB30025D5DAC19DAF483C2B899B"
deps = { Sui = "Sui" }

[pinned.mainnet.animacraft_v8_runtime]
source = { local = "../.." }
use_environment = "mainnet"
manifest_digest = "5D099D9DA57187C29E971BFFA6915635240A3A4D06B10085ECA50FC5EF0BAFD1"
deps = { Sui = "Sui", animacraft_v8_core = "animacraft_v8_core", animacraft_v8_seal = "animacraft_v8_seal" }

[pinned.mainnet.animacraft_v8_seal]
source = { local = "../../../animacraft_v8_seal" }
use_environment = "mainnet"
manifest_digest = "7E21EE6C6E3651A039B6DC552FD981479289380693C6B891074570CDD314772A"
deps = { Sui = "Sui", animacraft_v8_core = "animacraft_v8_core" }

[pinned.mainnet.runtime_output_companion_probe]
source = { root = true }
use_environment = "mainnet"
manifest_digest = "702322F4726EAD3E5958DE1782F0AAED197AF754C6A6F5D25DC03BDDEE7BF443"
deps = { Sui = "Sui", animacraft_v8_runtime = "animacraft_v8_runtime" }
