# Generated by move; do not edit
# This file should be checked in.

[move]
version = 4

[pinned.field33.MoveStdlib]
source = { git = "https://github.com/MystenLabs/sui.git", subdir = "crates/sui-framework/packages/move-stdlib", rev = "73dd2c2ba6f9fdb21d7ffde2b50a3f2f0ac39bc1" }
use_environment = "field33"
manifest_digest = "C4FE4C91DE74CBF223B2E380AE40F592177D21870DC2D7EB6227D2D694E05363"
deps = {}

[pinned.field33.Sui]
source = { git = "https://github.com/MystenLabs/sui.git", subdir = "crates/sui-framework/packages/sui-framework", rev = "73dd2c2ba6f9fdb21d7ffde2b50a3f2f0ac39bc1" }
use_environment = "field33"
manifest_digest = "4EDF7579795AC9DFB39E24B9C4A7B8BDC815EC24936114566784074CF759F81B"
deps = { MoveStdlib = "MoveStdlib" }

[pinned.field33.animacraft_v8_field_limit_33]
source = { root = true }
use_environment = "field33"
manifest_digest = "B178DA49BE0DF1B85332688A6901B829AEA42046840D525DD6851F3AA08301AC"
deps = { Sui = "Sui" }
